// !$*UTF8*$!
{
	archiveVersion = 1;
	classes = {
	};
	objectVersion = 48;
	objects = {

/* Begin PBXBuildFile section */
		052BAF3F2051370A007BF893 /* Assets.xcassets in Resources */ = {isa = PBXBuildFile; fileRef = 052BAF3E2051370A007BF893 /* Assets.xcassets */; };
		05DF6F8220512A880010AC13 /* AppDelegate.m in Sources */ = {isa = PBXBuildFile; fileRef = 05DF6F8120512A880010AC13 /* AppDelegate.m */; };
		05DF6F8520512A880010AC13 /* ViewController.m in Sources */ = {isa = PBXBuildFile; fileRef = 05DF6F8420512A880010AC13 /* ViewController.m */; };
		05DF6F8820512A880010AC13 /* Main.storyboard in Resources */ = {isa = PBXBuildFile; fileRef = 05DF6F8620512A880010AC13 /* Main.storyboard */; };
		05DF6F8B20512A880010AC13 /* CXDTool.xcdatamodeld in Sources */ = {isa = PBXBuildFile; fileRef = 05DF6F8920512A880010AC13 /* CXDTool.xcdatamodeld */; };
		05DF6F9020512A880010AC13 /* LaunchScreen.storyboard in Resources */ = {isa = PBXBuildFile; fileRef = 05DF6F8E20512A880010AC13 /* LaunchScreen.storyboard */; };
		05DF6F9320512A880010AC13 /* main.m in Sources */ = {isa = PBXBuildFile; fileRef = 05DF6F9220512A880010AC13 /* main.m */; };
		CE05545BFB0388E5D1585722 /* libPods-CXDTool.a in Frameworks */ = {isa = PBXBuildFile; fileRef = ED91B6A8D01BA57CC840C2FA /* libPods-CXDTool.a */; };
/* End PBXBuildFile section */

/* Begin PBXFileReference section */
		052BAF3E2051370A007BF893 /* Assets.xcassets */ = {isa = PBXFileReference; lastKnownFileType = folder.assetcatalog; path = Assets.xcassets; sourceTree = "<group>"; };
		05DF6F7D20512A880010AC13 /* CXDTool.app */ = {isa = PBXFileReference; explicitFileType = wrapper.application; includeInIndex = 0; path = CXDTool.app; sourceTree = BUILT_PRODUCTS_DIR; };
		05DF6F8020512A880010AC13 /* AppDelegate.h */ = {isa = PBXFileReference; lastKnownFileType = sourcecode.c.h; path = AppDelegate.h; sourceTree = "<group>"; };
		05DF6F8120512A880010AC13 /* AppDelegate.m */ = {isa = PBXFileReference; lastKnownFileType = sourcecode.c.objc; path = AppDelegate.m; sourceTree = "<group>"; };
		05DF6F8320512A880010AC13 /* ViewController.h */ = {isa = PBXFileReference; lastKnownFileType = sourcecode.c.h; path = ViewController.h; sourceTree = "<group>"; };
		05DF6F8420512A880010AC13 /* ViewController.m */ = {isa = PBXFileReference; lastKnownFileType = sourcecode.c.objc; path = ViewController.m; sourceTree = "<group>"; };
		05DF6F8720512A880010AC13 /* Base */ = {isa = PBXFileReference; lastKnownFileType = file.storyboard; name = Base; path = Base.lproj/Main.storyboard; sourceTree = "<group>"; };
		05DF6F8A20512A880010AC13 /* CXDTool.xcdatamodel */ = {isa = PBXFileReference; lastKnownFileType = wrapper.xcdatamodel; path = CXDTool.xcdatamodel; sourceTree = "<group>"; };
		05DF6F8F20512A880010AC13 /* Base */ = {isa = PBXFileReference; lastKnownFileType = file.storyboard; name = Base; path = Base.lproj/LaunchScreen.storyboard; sourceTree = "<group>"; };
		05DF6F9120512A880010AC13 /* Info.plist */ = {isa = PBXFileReference; lastKnownFileType = text.plist.xml; path = Info.plist; sourceTree = "<group>"; };
		05DF6F9220512A880010AC13 /* main.m */ = {isa = PBXFileReference; lastKnownFileType = sourcecode.c.objc; path = main.m; sourceTree = "<group>"; };
		3509219F06C3F1CD719CD6FF /* Pods-CXDTool.debug.xcconfig */ = {isa = PBXFileReference; includeInIndex = 1; lastKnownFileType = text.xcconfig; name = "Pods-CXDTool.debug.xcconfig"; path = "Pods/Target Support Files/Pods-CXDTool/Pods-CXDTool.debug.xcconfig"; sourceTree = "<group>"; };
		812DAC7F557D61DAF2D5EBB3 /* Pods-CXDTool.release.xcconfig */ = {isa = PBXFileReference; includeInIndex = 1; lastKnownFileType = text.xcconfig; name = "Pods-CXDTool.release.xcconfig"; path = "Pods/Target Support Files/Pods-CXDTool/Pods-CXDTool.release.xcconfig"; sourceTree = "<group>"; };
		ED91B6A8D01BA57CC840C2FA /* libPods-CXDTool.a */ = {isa = PBXFileReference; explicitFileType = archive.ar; includeInIndex = 0; path = "libPods-CXDTool.a"; sourceTree = BUILT_PRODUCTS_DIR; };
/* End PBXFileReference section */

/* Begin PBXFrameworksBuildPhase section */
		05DF6F7A20512A880010AC13 /* Frameworks */ = {
			isa = PBXFrameworksBuildPhase;
			buildActionMask = 2147483647;
			files = (
				CE05545BFB0388E5D1585722 /* libPods-CXDTool.a in Frameworks */,
			);
			runOnlyForDeploymentPostprocessing = 0;
		};
/* End PBXFrameworksBuildPhase section */

/* Begin PBXGroup section */
		052BAF4020513740007BF893 /* Basis */ = {
			isa = PBXGroup;
			children = (
				05DF6F9120512A880010AC13 /* Info.plist */,
				05DF6F9220512A880010AC13 /* main.m */,
			);
			path = Basis;
			sourceTree = "<group>";
		};
		05DF6F7420512A880010AC13 = {
			isa = PBXGroup;
			children = (
				05DF6F7F20512A880010AC13 /* CXDTool */,
				05DF6F7E20512A880010AC13 /* Products */,
				324B092F0C077027D9646755 /* Pods */,
				5BEEF97BC4528DDD6BBDA625 /* Frameworks */,
			);
			sourceTree = "<group>";
		};
		05DF6F7E20512A880010AC13 /* Products */ = {
			isa = PBXGroup;
			children = (
				05DF6F7D20512A880010AC13 /* CXDTool.app */,
			);
			name = Products;
			sourceTree = "<group>";
		};
		05DF6F7F20512A880010AC13 /* CXDTool */ = {
			isa = PBXGroup;
			children = (
				05DF6FA3205134AF0010AC13 /* Resource */,
				05DF6FA2205134A30010AC13 /* Vender */,
				05DF6FA1205134970010AC13 /* Expand */,
				05DF6FA02051348D0010AC13 /* Classes */,
				052BAF4020513740007BF893 /* Basis */,
				05DF6F8920512A880010AC13 /* CXDTool.xcdatamodeld */,
			);
			path = CXDTool;
			sourceTree = "<group>";
		};
		05DF6FA02051348D0010AC13 /* Classes */ = {
			isa = PBXGroup;
			children = (
				05DF6F8020512A880010AC13 /* AppDelegate.h */,
				05DF6F8120512A880010AC13 /* AppDelegate.m */,
				05DF6F8320512A880010AC13 /* ViewController.h */,
				05DF6F8420512A880010AC13 /* ViewController.m */,
			);
			path = Classes;
			sourceTree = "<group>";
		};
		05DF6FA1205134970010AC13 /* Expand */ = {
			isa = PBXGroup;
			children = (
				05DF6FA5205134CA0010AC13 /* Category */,
				05DF6FA4205134C00010AC13 /* Tool */,
			);
			path = Expand;
			sourceTree = "<group>";
		};
		05DF6FA2205134A30010AC13 /* Vender */ = {
			isa = PBXGroup;
			children = (
			);
			path = Vender;
			sourceTree = "<group>";
		};
		05DF6FA3205134AF0010AC13 /* Resource */ = {
			isa = PBXGroup;
			children = (
				052BAF3E2051370A007BF893 /* Assets.xcassets */,
				05DF6F8620512A880010AC13 /* Main.storyboard */,
				05DF6F8E20512A880010AC13 /* LaunchScreen.storyboard */,
			);
			path = Resource;
			sourceTree = "<group>";
		};
		05DF6FA4205134C00010AC13 /* Tool */ = {
			isa = PBXGroup;
			children = (
			);
			path = Tool;
			sourceTree = "<group>";
		};
		05DF6FA5205134CA0010AC13 /* Category */ = {
			isa = PBXGroup;
			children = (
			);
			path = Category;
			sourceTree = "<group>";
		};
		324B092F0C077027D9646755 /* Pods */ = {
			isa = PBXGroup;
			children = (
				3509219F06C3F1CD719CD6FF /* Pods-CXDTool.debug.xcconfig */,
				812DAC7F557D61DAF2D5EBB3 /* Pods-CXDTool.release.xcconfig */,
			);
			name = Pods;
			sourceTree = "<group>";
		};
		5BEEF97BC4528DDD6BBDA625 /* Frameworks */ = {
			isa = PBXGroup;
			children = (
				ED91B6A8D01BA57CC840C2FA /* libPods-CXDTool.a */,
			);
			name = Frameworks;
			sourceTree = "<group>";
		};
/* End PBXGroup section */

/* Begin PBXNativeTarget section */
		05DF6F7C20512A880010AC13 /* CXDTool */ = {
			isa = PBXNativeTarget;
			buildConfigurationList = 05DF6F9620512A880010AC13 /* Build configuration list for PBXNativeTarget "CXDTool" */;
			buildPhases = (
				F589A6557382D0DB750E4349 /* [CP] Check Pods Manifest.lock */,
				05DF6F7920512A880010AC13 /* Sources */,
				05DF6F7A20512A880010AC13 /* Frameworks */,
				05DF6F7B20512A880010AC13 /* Resources */,
				E5CD8A69DDBF7DCAD934BA67 /* [CP] Embed Pods Frameworks */,
				CA38E116B98B16D2E0F64EEF /* [CP] Copy Pods Resources */,
			);
			buildRules = (
			);
			dependencies = (
			);
			name = CXDTool;
			productName = CXDTool;
			productReference = 05DF6F7D20512A880010AC13 /* CXDTool.app */;
			productType = "com.apple.product-type.application";
		};
/* End PBXNativeTarget section */

/* Begin PBXProject section */
		05DF6F7520512A880010AC13 /* Project object */ = {
			isa = PBXProject;
			attributes = {
				LastUpgradeCheck = 0900;
				ORGANIZATIONNAME = claudechoi;
				TargetAttributes = {
					05DF6F7C20512A880010AC13 = {
						CreatedOnToolsVersion = 9.0;
						ProvisioningStyle = Automatic;
					};
				};
			};
			buildConfigurationList = 05DF6F7820512A880010AC13 /* Build configuration list for PBXProject "CXDTool" */;
			compatibilityVersion = "Xcode 8.0";
			developmentRegion = en;
			hasScannedForEncodings = 0;
			knownRegions = (
				en,
				Base,
			);
			mainGroup = 05DF6F7420512A880010AC13;
			productRefGroup = 05DF6F7E20512A880010AC13 /* Products */;
			projectDirPath = "";
			projectRoot = "";
			targets = (
				05DF6F7C20512A880010AC13 /* CXDTool */,
			);
		};
/* End PBXProject section */

/* Begin PBXResourcesBuildPhase section */
		05DF6F7B20512A880010AC13 /* Resources */ = {
			isa = PBXResourcesBuildPhase;
			buildActionMask = 2147483647;
			files = (
				05DF6F9020512A880010AC13 /* LaunchScreen.storyboard in Resources */,
				052BAF3F2051370A007BF893 /* Assets.xcassets in Resources */,
				05DF6F8820512A880010AC13 /* Main.storyboard in Resources */,
			);
			runOnlyForDeploymentPostprocessing = 0;
		};
/* End PBXResourcesBuildPhase section */

/* Begin PBXShellScriptBuildPhase section */
		CA38E116B98B16D2E0F64EEF /* [CP] Copy Pods Resources */ = {
			isa = PBXShellScriptBuildPhase;
			buildActionMask = 2147483647;
			files = (
			);
			inputPaths = (
			);
			name = "[CP] Copy Pods Resources";
			outputPaths = (
			);
			runOnlyForDeploymentPostprocessing = 0;
			shellPath = /bin/sh;
			shellScript = "\"${SRCROOT}/Pods/Target Support Files/Pods-CXDTool/Pods-CXDTool-resources.sh\"\n";
			showEnvVarsInLog = 0;
		};
		E5CD8A69DDBF7DCAD934BA67 /* [CP] Embed Pods Frameworks */ = {
			isa = PBXShellScriptBuildPhase;
			buildActionMask = 2147483647;
			files = (
			);
			inputPaths = (
			);
			name = "[CP] Embed Pods Frameworks";
			outputPaths = (
			);
			runOnlyForDeploymentPostprocessing = 0;
			shellPath = /bin/sh;
			shellScript = "\"${SRCROOT}/Pods/Target Support Files/Pods-CXDTool/Pods-CXDTool-frameworks.sh\"\n";
			showEnvVarsInLog = 0;
		};
		F589A6557382D0DB750E4349 /* [CP] Check Pods Manifest.lock */ = {
			isa = PBXShellScriptBuildPhase;
			buildActionMask = 2147483647;
			files = (
			);
			inputPaths = (
			);
			name = "[CP] Check Pods Manifest.lock";
			outputPaths = (
			);
			runOnlyForDeploymentPostprocessing = 0;
			shellPath = /bin/sh;
			shellScript = "diff \"${PODS_PODFILE_DIR_PATH}/Podfile.lock\" \"${PODS_ROOT}/Manifest.lock\" > /dev/null\nif [ $? != 0 ] ; then\n    # print error to STDERR\n    echo \"error: The sandbox is not in sync with the Podfile.lock. Run 'pod install' or update your CocoaPods installation.\" >&2\n    exit 1\nfi\n";
			showEnvVarsInLog = 0;
		};
/* End PBXShellScriptBuildPhase section */

/* Begin PBXSourcesBuildPhase section */
		05DF6F7920512A880010AC13 /* Sources */ = {
			isa = PBXSourcesBuildPhase;
			buildActionMask = 2147483647;
			files = (
				05DF6F8520512A880010AC13 /* ViewController.m in Sources */,
				05DF6F8B20512A880010AC13 /* CXDTool.xcdatamodeld in Sources */,
				05DF6F9320512A880010AC13 /* main.m in Sources */,
				05DF6F8220512A880010AC13 /* AppDelegate.m in Sources */,
			);
			runOnlyForDeploymentPostprocessing = 0;
		};
/* End PBXSourcesBuildPhase section */

/* Begin PBXVariantGroup section */
		05DF6F8620512A880010AC13 /* Main.storyboard */ = {
			isa = PBXVariantGroup;
			children = (
				05DF6F8720512A880010AC13 /* Base */,
			);
			name = Main.storyboard;
			sourceTree = "<group>";
		};
		05DF6F8E20512A880010AC13 /* LaunchScreen.storyboard */ = {
			isa = PBXVariantGroup;
			children = (
				05DF6F8F20512A880010AC13 /* Base */,
			);
			name = LaunchScreen.storyboard;
			sourceTree = "<group>";
		};
/* End PBXVariantGroup section */

/* Begin XCBuildConfiguration section */
		05DF6F9420512A880010AC13 /* Debug */ = {
			isa = XCBuildConfiguration;
			buildSettings = {
				ALWAYS_SEARCH_USER_PATHS = NO;
				CLANG_ANALYZER_NONNULL = YES;
				CLANG_ANALYZER_NUMBER_OBJECT_CONVERSION = YES_AGGRESSIVE;
				CLANG_CXX_LANGUAGE_STANDARD = "gnu++14";
				CLANG_CXX_LIBRARY = "libc++";
				CLANG_ENABLE_MODULES = YES;
				CLANG_ENABLE_OBJC_ARC = YES;
				CLANG_WARN_BLOCK_CAPTURE_AUTORELEASING = YES;
				CLANG_WARN_BOOL_CONVERSION = YES;
				CLANG_WARN_COMMA = YES;
				CLANG_WARN_CONSTANT_CONVERSION = YES;
				CLANG_WARN_DIRECT_OBJC_ISA_USAGE = YES_ERROR;
				CLANG_WARN_DOCUMENTATION_COMMENTS = YES;
				CLANG_WARN_EMPTY_BODY = YES;
				CLANG_WARN_ENUM_CONVERSION = YES;
				CLANG_WARN_INFINITE_RECURSION = YES;
				CLANG_WARN_INT_CONVERSION = YES;
				CLANG_WARN_NON_LITERAL_NULL_CONVERSION = YES;
				CLANG_WARN_OBJC_LITERAL_CONVERSION = YES;
				CLANG_WARN_OBJC_ROOT_CLASS = YES_ERROR;
				CLANG_WARN_RANGE_LOOP_ANALYSIS = YES;
				CLANG_WARN_STRICT_PROTOTYPES = YES;
				CLANG_WARN_SUSPICIOUS_MOVE = YES;
				CLANG_WARN_UNGUARDED_AVAILABILITY = YES_AGGRESSIVE;
				CLANG_WARN_UNREACHABLE_CODE = YES;
				CLANG_WARN__DUPLICATE_METHOD_MATCH = YES;
				CODE_SIGN_IDENTITY = "iPhone Developer";
				COPY_PHASE_STRIP = NO;
				DEBUG_INFORMATION_FORMAT = dwarf;
				ENABLE_STRICT_OBJC_MSGSEND = YES;
				ENABLE_TESTABILITY = YES;
				GCC_C_LANGUAGE_STANDARD = gnu11;
				GCC_DYNAMIC_NO_PIC = NO;
				GCC_NO_COMMON_BLOCKS = YES;
				GCC_OPTIMIZATION_LEVEL = 0;
				GCC_PREPROCESSOR_DEFINITIONS = (
					"DEBUG=1",
					"$(inherited)",
				);
				GCC_WARN_64_TO_32_BIT_CONVERSION = YES;
				GCC_WARN_ABOUT_RETURN_TYPE = YES_ERROR;
				GCC_WARN_UNDECLARED_SELECTOR = YES;
				GCC_WARN_UNINITIALIZED_AUTOS = YES_AGGRESSIVE;
				GCC_WARN_UNUSED_FUNCTION = YES;
				GCC_WARN_UNUSED_VARIABLE = YES;
				IPHONEOS_DEPLOYMENT_TARGET = 11.0;
				MTL_ENABLE_DEBUG_INFO = YES;
				ONLY_ACTIVE_ARCH = YES;
				SDKROOT = iphoneos;
			};
			name = Debug;
		};
		05DF6F9520512A880010AC13 /* Release */ = {
			isa = XCBuildConfiguration;
			buildSettings = {
				ALWAYS_SEARCH_USER_PATHS = NO;
				CLANG_ANALYZER_NONNULL = YES;
				CLANG_ANALYZER_NUMBER_OBJECT_CONVERSION = YES_AGGRESSIVE;
				CLANG_CXX_LANGUAGE_STANDARD = "gnu++14";
				CLANG_CXX_LIBRARY = "libc++";
				CLANG_ENABLE_MODULES = YES;
				CLANG_ENABLE_OBJC_ARC = YES;
				CLANG_WARN_BLOCK_CAPTURE_AUTORELEASING = YES;
				CLANG_WARN_BOOL_CONVERSION = YES;
				CLANG_WARN_COMMA = YES;
				CLANG_WARN_CONSTANT_CONVERSION = YES;
				CLANG_WARN_DIRECT_OBJC_ISA_USAGE = YES_ERROR;
				CLANG_WARN_DOCUMENTATION_COMMENTS = YES;
				CLANG_WARN_EMPTY_BODY = YES;
				CLANG_WARN_ENUM_CONVERSION = YES;
				CLANG_WARN_INFINITE_RECURSION = YES;
				CLANG_WARN_INT_CONVERSION = YES;
				CLANG_WARN_NON_LITERAL_NULL_CONVERSION = YES;
				CLANG_WARN_OBJC_LITERAL_CONVERSION = YES;
				CLANG_WARN_OBJC_ROOT_CLASS = YES_ERROR;
				CLANG_WARN_RANGE_LOOP_ANALYSIS = YES;
				CLANG_WARN_STRICT_PROTOTYPES = YES;
				CLANG_WARN_SUSPICIOUS_MOVE = YES;
				CLANG_WARN_UNGUARDED_AVAILABILITY = YES_AGGRESSIVE;
				CLANG_WARN_UNREACHABLE_CODE = YES;
				CLANG_WARN__DUPLICATE_METHOD_MATCH = YES;
				CODE_SIGN_IDENTITY = "iPhone Developer";
				COPY_PHASE_STRIP = NO;
				DEBUG_INFORMATION_FORMAT = "dwarf-with-dsym";
				ENABLE_NS_ASSERTIONS = NO;
				ENABLE_STRICT_OBJC_MSGSEND = YES;
				GCC_C_LANGUAGE_STANDARD = gnu11;
				GCC_NO_COMMON_BLOCKS = YES;
				GCC_WARN_64_TO_32_BIT_CONVERSION = YES;
				GCC_WARN_ABOUT_RETURN_TYPE = YES_ERROR;
				GCC_WARN_UNDECLARED_SELECTOR = YES;
				GCC_WARN_UNINITIALIZED_AUTOS = YES_AGGRESSIVE;
				GCC_WARN_UNUSED_FUNCTION = YES;
				GCC_WARN_UNUSED_VARIABLE = YES;
				IPHONEOS_DEPLOYMENT_TARGET = 11.0;
				MTL_ENABLE_DEBUG_INFO = NO;
				SDKROOT = iphoneos;
				VALIDATE_PRODUCT = YES;
			};
			name = Release;
		};
		05DF6F9720512A880010AC13 /* Debug */ = {
			isa = XCBuildConfiguration;
			baseConfigurationReference = 3509219F06C3F1CD719CD6FF /* Pods-CXDTool.debug.xcconfig */;
			buildSettings = {
				ASSETCATALOG_COMPILER_APPICON_NAME = AppIcon;
				CODE_SIGN_STYLE = Automatic;
				DEVELOPMENT_TEAM = 8YBVZL288W;
				INFOPLIST_FILE = CXDTool/Info.plist;
				LD_RUNPATH_SEARCH_PATHS = "$(inherited) @executable_path/Frameworks";
				PRODUCT_BUNDLE_IDENTIFIER = claudechoi.CXDTool;
				PRODUCT_NAME = "$(TARGET_NAME)";
				TARGETED_DEVICE_FAMILY = "1,2";
			};
			name = Debug;
		};
		05DF6F9820512A880010AC13 /* Release */ = {
			isa = XCBuildConfiguration;
			baseConfigurationReference = 812DAC7F557D61DAF2D5EBB3 /* Pods-CXDTool.release.xcconfig */;
			buildSettings = {
				ASSETCATALOG_COMPILER_APPICON_NAME = AppIcon;
				CODE_SIGN_STYLE = Automatic;
				DEVELOPMENT_TEAM = 8YBVZL288W;
				INFOPLIST_FILE = CXDTool/Info.plist;
				LD_RUNPATH_SEARCH_PATHS = "$(inherited) @executable_path/Frameworks";
				PRODUCT_BUNDLE_IDENTIFIER = claudechoi.CXDTool;
				PRODUCT_NAME = "$(TARGET_NAME)";
				TARGETED_DEVICE_FAMILY = "1,2";
			};
			name = Release;
		};
/* End XCBuildConfiguration section */

/* Begin XCConfigurationList section */
		05DF6F7820512A880010AC13 /* Build configuration list for PBXProject "CXDTool" */ = {
			isa = XCConfigurationList;
			buildConfigurations = (
				05DF6F9420512A880010AC13 /* Debug */,
				05DF6F9520512A880010AC13 /* Release */,
			);
			defaultConfigurationIsVisible = 0;
			defaultConfigurationName = Release;
		};
		05DF6F9620512A880010AC13 /* Build configuration list for PBXNativeTarget "CXDTool" */ = {
			isa = XCConfigurationList;
			buildConfigurations = (
				05DF6F9720512A880010AC13 /* Debug */,
				05DF6F9820512A880010AC13 /* Release */,
			);
			defaultConfigurationIsVisible = 0;
			defaultConfigurationName = Release;
		};
/* End XCConfigurationList section */

/* Begin XCVersionGroup section */
		05DF6F8920512A880010AC13 /* CXDTool.xcdatamodeld */ = {
			isa = XCVersionGroup;
			children = (
				05DF6F8A20512A880010AC13 /* CXDTool.xcdatamodel */,
			);
			currentVersion = 05DF6F8A20512A880010AC13 /* CXDTool.xcdatamodel */;
			path = CXDTool.xcdatamodeld;
			sourceTree = "<group>";
			versionGroupType = wrapper.xcdatamodel;
		};
/* End XCVersionGroup section */
	};
	rootObject = 05DF6F7520512A880010AC13 /* Project object */;
}
