PODS:
  - AFNetworking (3.1.0):
    - AFNetworking/NSURLSession (= 3.1.0)
    - AFNetworking/Reachability (= 3.1.0)
    - AFNetworking/Security (= 3.1.0)
    - AFNetworking/Serialization (= 3.1.0)
    - AFNetworking/UIKit (= 3.1.0)
  - AFNetworking/NSURLSession (3.1.0):
    - AFNetworking/Reachability
    - AFNetworking/Security
    - AFNetworking/Serialization
  - AFNetworking/Reachability (3.1.0)
  - AFNetworking/Security (3.1.0)
  - AFNetworking/Serialization (3.1.0)
  - AFNetworking/UIKit (3.1.0):
    - AFNetworking/NSURLSession
  - GPUImage (0.1.7)
  - Masonry (1.0.2)
  - MJExtension (3.0.13)
  - MJRefresh (3.1.12)
  - SDWebImage (4.0.0):
    - SDWebImage/Core (= 4.0.0)
  - SDWebImage/Core (4.0.0)
  - TYAttributedLabel (2.6.6)

DEPENDENCIES:
  - AFNetworking
  - GPUImage
  - Masonry
  - MJExtension
  - MJRefresh
  - SDWebImage
  - TYAttributedLabel (~> 2.6.2)

SPEC REPOS:
  https://github.com/cocoapods/specs.git:
    - AFNetworking
    - GPUImage
    - Masonry
    - MJExtension
    - MJRefresh
    - SDWebImage
    - TYAttributedLabel

SPEC CHECKSUMS:
  AFNetworking: 5e0e199f73d8626b11e79750991f5d173d1f8b67
  GPUImage: 733a5f0fab92df9de1c37ba9df520a833ccb406d
  Masonry: 7c429b56da9d4ee0bbb3ed77a5ea710d6a5df39e
  MJExtension: 5932755f451458eefa24239358817f8d291240c7
  MJRefresh: b96cdb21c4aa75a7b07654311ab2f315c497e806
  SDWebImage: 76a6348bdc74eb5a55dd08a091ef298e56b55e41
  TYAttributedLabel: cb8fc910d97eb5224936d4f692a78e042af691b2

PODFILE CHECKSUM: 46e0e24ce36e28962dddbab57ab7b86d49b2ced0

COCOAPODS: 1.5.3
